
Microsoft Visual Studio Solution File, Format Version 12.00
# Visual Studio Version 16
VisualStudioVersion = 16.0.30503.244
MinimumVisualStudioVersion = 10.0.40219.1
Project("{FAE04EC0-301F-11D3-BF4B-00C04F79EFBC}") = "CsharpMVCPooja", "CsharpMVCPooja.csproj", "{45126B5B-151B-466E-9093-9D7ECB213081}"
EndProject
Global
	GlobalSection(SolutionConfigurationPlatforms) = preSolution
		Debug|Any CPU = Debug|Any CPU
		Release|Any CPU = Release|Any CPU
	EndGlobalSection
	GlobalSection(ProjectConfigurationPlatforms) = postSolution
		{45126B5B-151B-466E-9093-9D7ECB213081}.Debug|Any CPU.ActiveCfg = Debug|Any CPU
		{45126B5B-151B-466E-9093-9D7ECB213081}.Debug|Any CPU.Build.0 = Debug|Any CPU
		{45126B5B-151B-466E-9093-9D7ECB213081}.Release|Any CPU.ActiveCfg = Release|Any CPU
		{45126B5B-151B-466E-9093-9D7ECB213081}.Release|Any CPU.Build.0 = Release|Any CPU
	EndGlobalSection
	GlobalSection(SolutionProperties) = preSolution
		HideSolutionNode = FALSE
	EndGlobalSection
	GlobalSection(ExtensibilityGlobals) = postSolution
		SolutionGuid = {20E57C73-59FC-4B64-9E7F-695C4ACB6DC5}
	EndGlobalSection
EndGlobal
